// !$*UTF8*$!
{
	archiveVersion = 1;
	classes = {
	};
	objectVersion = 48;
	objects = {

/* Begin PBXBuildFile section */
		80CD40381767EA4E736B9460 /* libPods-Bygones.a in Frameworks */ = {isa = PBXBuildFile; fileRef = B070B71CB08020A8B2D0063C /* libPods-Bygones.a */; };
		F12733B81FE2BD97007E263E /* AppDelegate.m in Sources */ = {isa = PBXBuildFile; fileRef = F12733B71FE2BD97007E263E /* AppDelegate.m */; };
		F12733C01FE2BD97007E263E /* Assets.xcassets in Resources */ = {isa = PBXBuildFile; fileRef = F12733BF1FE2BD97007E263E /* Assets.xcassets */; };
		F12733C31FE2BD97007E263E /* LaunchScreen.storyboard in Resources */ = {isa = PBXBuildFile; fileRef = F12733C11FE2BD97007E263E /* LaunchScreen.storyboard */; };
		F12733C61FE2BD97007E263E /* main.m in Sources */ = {isa = PBXBuildFile; fileRef = F12733C51FE2BD97007E263E /* main.m */; };
		F1560BD71FE3B2BA0030B958 /* HomeViewController.m in Sources */ = {isa = PBXBuildFile; fileRef = F1560BD61FE3B2BA0030B958 /* HomeViewController.m */; };
		F1560BDA1FE3B2D70030B958 /* MineViewController.m in Sources */ = {isa = PBXBuildFile; fileRef = F1560BD91FE3B2D70030B958 /* MineViewController.m */; };
		F1560BDD1FE3B2E70030B958 /* MessageViewController.m in Sources */ = {isa = PBXBuildFile; fileRef = F1560BDC1FE3B2E70030B958 /* MessageViewController.m */; };
		F1560BE01FE3B2FC0030B958 /* OfficialAccountsViewController.m in Sources */ = {isa = PBXBuildFile; fileRef = F1560BDF1FE3B2FC0030B958 /* OfficialAccountsViewController.m */; };
		F1560BE51FE3B3C00030B958 /* CYLTabBarControllerConfig.m in Sources */ = {isa = PBXBuildFile; fileRef = F1560BE41FE3B3C00030B958 /* CYLTabBarControllerConfig.m */; };
/* End PBXBuildFile section */

/* Begin PBXFileReference section */
		29546701DCA9FADFE3B709B7 /* Pods-Bygones.release.xcconfig */ = {isa = PBXFileReference; includeInIndex = 1; lastKnownFileType = text.xcconfig; name = "Pods-Bygones.release.xcconfig"; path = "Pods/Target Support Files/Pods-Bygones/Pods-Bygones.release.xcconfig"; sourceTree = "<group>"; };
		B070B71CB08020A8B2D0063C /* libPods-Bygones.a */ = {isa = PBXFileReference; explicitFileType = archive.ar; includeInIndex = 0; path = "libPods-Bygones.a"; sourceTree = BUILT_PRODUCTS_DIR; };
		CC3447230DDC12C36E9E0968 /* Pods-Bygones.debug.xcconfig */ = {isa = PBXFileReference; includeInIndex = 1; lastKnownFileType = text.xcconfig; name = "Pods-Bygones.debug.xcconfig"; path = "Pods/Target Support Files/Pods-Bygones/Pods-Bygones.debug.xcconfig"; sourceTree = "<group>"; };
		F12733B31FE2BD97007E263E /* Bygones.app */ = {isa = PBXFileReference; explicitFileType = wrapper.application; includeInIndex = 0; path = Bygones.app; sourceTree = BUILT_PRODUCTS_DIR; };
		F12733B61FE2BD97007E263E /* AppDelegate.h */ = {isa = PBXFileReference; lastKnownFileType = sourcecode.c.h; path = AppDelegate.h; sourceTree = "<group>"; };
		F12733B71FE2BD97007E263E /* AppDelegate.m */ = {isa = PBXFileReference; lastKnownFileType = sourcecode.c.objc; path = AppDelegate.m; sourceTree = "<group>"; };
		F12733BF1FE2BD97007E263E /* Assets.xcassets */ = {isa = PBXFileReference; lastKnownFileType = folder.assetcatalog; path = Assets.xcassets; sourceTree = "<group>"; };
		F12733C21FE2BD97007E263E /* Base */ = {isa = PBXFileReference; lastKnownFileType = file.storyboard; name = Base; path = Base.lproj/LaunchScreen.storyboard; sourceTree = "<group>"; };
		F12733C41FE2BD97007E263E /* Info.plist */ = {isa = PBXFileReference; lastKnownFileType = text.plist.xml; path = Info.plist; sourceTree = "<group>"; };
		F12733C51FE2BD97007E263E /* main.m */ = {isa = PBXFileReference; lastKnownFileType = sourcecode.c.objc; path = main.m; sourceTree = "<group>"; };
		F1560BD51FE3B2BA0030B958 /* HomeViewController.h */ = {isa = PBXFileReference; lastKnownFileType = sourcecode.c.h; path = HomeViewController.h; sourceTree = "<group>"; };
		F1560BD61FE3B2BA0030B958 /* HomeViewController.m */ = {isa = PBXFileReference; lastKnownFileType = sourcecode.c.objc; path = HomeViewController.m; sourceTree = "<group>"; };
		F1560BD81FE3B2D70030B958 /* MineViewController.h */ = {isa = PBXFileReference; lastKnownFileType = sourcecode.c.h; path = MineViewController.h; sourceTree = "<group>"; };
		F1560BD91FE3B2D70030B958 /* MineViewController.m */ = {isa = PBXFileReference; lastKnownFileType = sourcecode.c.objc; path = MineViewController.m; sourceTree = "<group>"; };
		F1560BDB1FE3B2E70030B958 /* MessageViewController.h */ = {isa = PBXFileReference; lastKnownFileType = sourcecode.c.h; path = MessageViewController.h; sourceTree = "<group>"; };
		F1560BDC1FE3B2E70030B958 /* MessageViewController.m */ = {isa = PBXFileReference; lastKnownFileType = sourcecode.c.objc; path = MessageViewController.m; sourceTree = "<group>"; };
		F1560BDE1FE3B2FC0030B958 /* OfficialAccountsViewController.h */ = {isa = PBXFileReference; lastKnownFileType = sourcecode.c.h; path = OfficialAccountsViewController.h; sourceTree = "<group>"; };
		F1560BDF1FE3B2FC0030B958 /* OfficialAccountsViewController.m */ = {isa = PBXFileReference; lastKnownFileType = sourcecode.c.objc; path = OfficialAccountsViewController.m; sourceTree = "<group>"; };
		F1560BE31FE3B3C00030B958 /* CYLTabBarControllerConfig.h */ = {isa = PBXFileReference; lastKnownFileType = sourcecode.c.h; path = CYLTabBarControllerConfig.h; sourceTree = "<group>"; };
		F1560BE41FE3B3C00030B958 /* CYLTabBarControllerConfig.m */ = {isa = PBXFileReference; lastKnownFileType = sourcecode.c.objc; path = CYLTabBarControllerConfig.m; sourceTree = "<group>"; };
/* End PBXFileReference section */

/* Begin PBXFrameworksBuildPhase section */
		F12733B01FE2BD97007E263E /* Frameworks */ = {
			isa = PBXFrameworksBuildPhase;
			buildActionMask = 2147483647;
			files = (
				80CD40381767EA4E736B9460 /* libPods-Bygones.a in Frameworks */,
			);
			runOnlyForDeploymentPostprocessing = 0;
		};
/* End PBXFrameworksBuildPhase section */

/* Begin PBXGroup section */
		BD23818B8E33C093B0B36F3C /* Frameworks */ = {
			isa = PBXGroup;
			children = (
				B070B71CB08020A8B2D0063C /* libPods-Bygones.a */,
			);
			name = Frameworks;
			sourceTree = "<group>";
		};
		E77A4556795F6776D5EA304C /* Pods */ = {
			isa = PBXGroup;
			children = (
				CC3447230DDC12C36E9E0968 /* Pods-Bygones.debug.xcconfig */,
				29546701DCA9FADFE3B709B7 /* Pods-Bygones.release.xcconfig */,
			);
			name = Pods;
			sourceTree = "<group>";
		};
		F12733AA1FE2BD97007E263E = {
			isa = PBXGroup;
			children = (
				F12733B51FE2BD97007E263E /* Bygones */,
				F12733B41FE2BD97007E263E /* Products */,
				E77A4556795F6776D5EA304C /* Pods */,
				BD23818B8E33C093B0B36F3C /* Frameworks */,
			);
			sourceTree = "<group>";
		};
		F12733B41FE2BD97007E263E /* Products */ = {
			isa = PBXGroup;
			children = (
				F12733B31FE2BD97007E263E /* Bygones.app */,
			);
			name = Products;
			sourceTree = "<group>";
		};
		F12733B51FE2BD97007E263E /* Bygones */ = {
			isa = PBXGroup;
			children = (
				F1560BE11FE3B35F0030B958 /* Vendor */,
				F1560BBC1FE3B00E0030B958 /* AppDelegate */,
				F1560BBB1FE3AFFC0030B958 /* Modules */,
				F12733BF1FE2BD97007E263E /* Assets.xcassets */,
				F12733C11FE2BD97007E263E /* LaunchScreen.storyboard */,
				F12733C41FE2BD97007E263E /* Info.plist */,
				F12733C51FE2BD97007E263E /* main.m */,
			);
			path = Bygones;
			sourceTree = "<group>";
		};
		F1560BBB1FE3AFFC0030B958 /* Modules */ = {
			isa = PBXGroup;
			children = (
				F1560BCF1FE3B2420030B958 /* Official Accounts(阳光号) */,
				F1560BC31FE3B12F0030B958 /* Message(消息) */,
				F1560BC91FE3B1700030B958 /* Mine(我的) */,
				F1560BBD1FE3B0FA0030B958 /* Home(首页) */,
			);
			path = Modules;
			sourceTree = "<group>";
		};
		F1560BBC1FE3B00E0030B958 /* AppDelegate */ = {
			isa = PBXGroup;
			children = (
				F12733B61FE2BD97007E263E /* AppDelegate.h */,
				F12733B71FE2BD97007E263E /* AppDelegate.m */,
			);
			path = AppDelegate;
			sourceTree = "<group>";
		};
		F1560BBD1FE3B0FA0030B958 /* Home(首页) */ = {
			isa = PBXGroup;
			children = (
				F1560BBE1FE3B0FA0030B958 /* Controller */,
				F1560BBF1FE3B0FA0030B958 /* Model */,
				F1560BC01FE3B0FA0030B958 /* View */,
				F1560BC11FE3B0FA0030B958 /* Service */,
				F1560BC21FE3B0FA0030B958 /* Resource */,
			);
			path = "Home(首页)";
			sourceTree = "<group>";
		};
		F1560BBE1FE3B0FA0030B958 /* Controller */ = {
			isa = PBXGroup;
			children = (
				F1560BD51FE3B2BA0030B958 /* HomeViewController.h */,
				F1560BD61FE3B2BA0030B958 /* HomeViewController.m */,
			);
			path = Controller;
			sourceTree = "<group>";
		};
		F1560BBF1FE3B0FA0030B958 /* Model */ = {
			isa = PBXGroup;
			children = (
			);
			path = Model;
			sourceTree = "<group>";
		};
		F1560BC01FE3B0FA0030B958 /* View */ = {
			isa = PBXGroup;
			children = (
			);
			path = View;
			sourceTree = "<group>";
		};
		F1560BC11FE3B0FA0030B958 /* Service */ = {
			isa = PBXGroup;
			children = (
			);
			path = Service;
			sourceTree = "<group>";
		};
		F1560BC21FE3B0FA0030B958 /* Resource */ = {
			isa = PBXGroup;
			children = (
			);
			path = Resource;
			sourceTree = "<group>";
		};
		F1560BC31FE3B12F0030B958 /* Message(消息) */ = {
			isa = PBXGroup;
			children = (
				F1560BC41FE3B12F0030B958 /* Controller */,
				F1560BC51FE3B12F0030B958 /* Model */,
				F1560BC61FE3B12F0030B958 /* View */,
				F1560BC71FE3B12F0030B958 /* Service */,
				F1560BC81FE3B12F0030B958 /* Resource */,
			);
			path = "Message(消息)";
			sourceTree = "<group>";
		};
		F1560BC41FE3B12F0030B958 /* Controller */ = {
			isa = PBXGroup;
			children = (
				F1560BDB1FE3B2E70030B958 /* MessageViewController.h */,
				F1560BDC1FE3B2E70030B958 /* MessageViewController.m */,
			);
			path = Controller;
			sourceTree = "<group>";
		};
		F1560BC51FE3B12F0030B958 /* Model */ = {
			isa = PBXGroup;
			children = (
			);
			path = Model;
			sourceTree = "<group>";
		};
		F1560BC61FE3B12F0030B958 /* View */ = {
			isa = PBXGroup;
			children = (
			);
			path = View;
			sourceTree = "<group>";
		};
		F1560BC71FE3B12F0030B958 /* Service */ = {
			isa = PBXGroup;
			children = (
			);
			path = Service;
			sourceTree = "<group>";
		};
		F1560BC81FE3B12F0030B958 /* Resource */ = {
			isa = PBXGroup;
			children = (
			);
			path = Resource;
			sourceTree = "<group>";
		};
		F1560BC91FE3B1700030B958 /* Mine(我的) */ = {
			isa = PBXGroup;
			children = (
				F1560BCA1FE3B1700030B958 /* Controller */,
				F1560BCB1FE3B1700030B958 /* Model */,
				F1560BCC1FE3B1700030B958 /* View */,
				F1560BCD1FE3B1700030B958 /* Service */,
				F1560BCE1FE3B1700030B958 /* Resource */,
			);
			path = "Mine(我的)";
			sourceTree = "<group>";
		};
		F1560BCA1FE3B1700030B958 /* Controller */ = {
			isa = PBXGroup;
			children = (
				F1560BD81FE3B2D70030B958 /* MineViewController.h */,
				F1560BD91FE3B2D70030B958 /* MineViewController.m */,
			);
			path = Controller;
			sourceTree = "<group>";
		};
		F1560BCB1FE3B1700030B958 /* Model */ = {
			isa = PBXGroup;
			children = (
			);
			path = Model;
			sourceTree = "<group>";
		};
		F1560BCC1FE3B1700030B958 /* View */ = {
			isa = PBXGroup;
			children = (
			);
			path = View;
			sourceTree = "<group>";
		};
		F1560BCD1FE3B1700030B958 /* Service */ = {
			isa = PBXGroup;
			children = (
			);
			path = Service;
			sourceTree = "<group>";
		};
		F1560BCE1FE3B1700030B958 /* Resource */ = {
			isa = PBXGroup;
			children = (
			);
			path = Resource;
			sourceTree = "<group>";
		};
		F1560BCF1FE3B2420030B958 /* Official Accounts(阳光号) */ = {
			isa = PBXGroup;
			children = (
				F1560BD01FE3B2420030B958 /* Controller */,
				F1560BD11FE3B2420030B958 /* Model */,
				F1560BD21FE3B2420030B958 /* View */,
				F1560BD31FE3B2420030B958 /* Service */,
				F1560BD41FE3B2420030B958 /* Resource */,
			);
			path = "Official Accounts(阳光号)";
			sourceTree = "<group>";
		};
		F1560BD01FE3B2420030B958 /* Controller */ = {
			isa = PBXGroup;
			children = (
				F1560BDE1FE3B2FC0030B958 /* OfficialAccountsViewController.h */,
				F1560BDF1FE3B2FC0030B958 /* OfficialAccountsViewController.m */,
			);
			path = Controller;
			sourceTree = "<group>";
		};
		F1560BD11FE3B2420030B958 /* Model */ = {
			isa = PBXGroup;
			children = (
			);
			path = Model;
			sourceTree = "<group>";
		};
		F1560BD21FE3B2420030B958 /* View */ = {
			isa = PBXGroup;
			children = (
			);
			path = View;
			sourceTree = "<group>";
		};
		F1560BD31FE3B2420030B958 /* Service */ = {
			isa = PBXGroup;
			children = (
			);
			path = Service;
			sourceTree = "<group>";
		};
		F1560BD41FE3B2420030B958 /* Resource */ = {
			isa = PBXGroup;
			children = (
			);
			path = Resource;
			sourceTree = "<group>";
		};
		F1560BE11FE3B35F0030B958 /* Vendor */ = {
			isa = PBXGroup;
			children = (
				F1560BE21FE3B3770030B958 /* CYLTabBarController */,
			);
			path = Vendor;
			sourceTree = "<group>";
		};
		F1560BE21FE3B3770030B958 /* CYLTabBarController */ = {
			isa = PBXGroup;
			children = (
				F1560BE31FE3B3C00030B958 /* CYLTabBarControllerConfig.h */,
				F1560BE41FE3B3C00030B958 /* CYLTabBarControllerConfig.m */,
			);
			path = CYLTabBarController;
			sourceTree = "<group>";
		};
/* End PBXGroup section */

/* Begin PBXNativeTarget section */
		F12733B21FE2BD97007E263E /* Bygones */ = {
			isa = PBXNativeTarget;
			buildConfigurationList = F12733C91FE2BD97007E263E /* Build configuration list for PBXNativeTarget "Bygones" */;
			buildPhases = (
				C484CC078F302A0B404BC60E /* [CP] Check Pods Manifest.lock */,
				F12733AF1FE2BD97007E263E /* Sources */,
				F12733B01FE2BD97007E263E /* Frameworks */,
				F12733B11FE2BD97007E263E /* Resources */,
				064210EB33B052AC27586B76 /* [CP] Embed Pods Frameworks */,
				E8630BE60E7376990F51241C /* [CP] Copy Pods Resources */,
			);
			buildRules = (
			);
			dependencies = (
			);
			name = Bygones;
			productName = Bygones;
			productReference = F12733B31FE2BD97007E263E /* Bygones.app */;
			productType = "com.apple.product-type.application";
		};
/* End PBXNativeTarget section */

/* Begin PBXProject section */
		F12733AB1FE2BD97007E263E /* Project object */ = {
			isa = PBXProject;
			attributes = {
				LastUpgradeCheck = 0920;
				ORGANIZATIONNAME = lizhao;
				TargetAttributes = {
					F12733B21FE2BD97007E263E = {
						CreatedOnToolsVersion = 9.2;
						ProvisioningStyle = Automatic;
					};
				};
			};
			buildConfigurationList = F12733AE1FE2BD97007E263E /* Build configuration list for PBXProject "Bygones" */;
			compatibilityVersion = "Xcode 8.0";
			developmentRegion = en;
			hasScannedForEncodings = 0;
			knownRegions = (
				en,
				Base,
			);
			mainGroup = F12733AA1FE2BD97007E263E;
			productRefGroup = F12733B41FE2BD97007E263E /* Products */;
			projectDirPath = "";
			projectRoot = "";
			targets = (
				F12733B21FE2BD97007E263E /* Bygones */,
			);
		};
/* End PBXProject section */

/* Begin PBXResourcesBuildPhase section */
		F12733B11FE2BD97007E263E /* Resources */ = {
			isa = PBXResourcesBuildPhase;
			buildActionMask = 2147483647;
			files = (
				F12733C31FE2BD97007E263E /* LaunchScreen.storyboard in Resources */,
				F12733C01FE2BD97007E263E /* Assets.xcassets in Resources */,
			);
			runOnlyForDeploymentPostprocessing = 0;
		};
/* End PBXResourcesBuildPhase section */

/* Begin PBXShellScriptBuildPhase section */
		064210EB33B052AC27586B76 /* [CP] Embed Pods Frameworks */ = {
			isa = PBXShellScriptBuildPhase;
			buildActionMask = 2147483647;
			files = (
			);
			inputPaths = (
			);
			name = "[CP] Embed Pods Frameworks";
			outputPaths = (
			);
			runOnlyForDeploymentPostprocessing = 0;
			shellPath = /bin/sh;
			shellScript = "\"${SRCROOT}/Pods/Target Support Files/Pods-Bygones/Pods-Bygones-frameworks.sh\"\n";
			showEnvVarsInLog = 0;
		};
		C484CC078F302A0B404BC60E /* [CP] Check Pods Manifest.lock */ = {
			isa = PBXShellScriptBuildPhase;
			buildActionMask = 2147483647;
			files = (
			);
			inputPaths = (
				"${PODS_PODFILE_DIR_PATH}/Podfile.lock",
				"${PODS_ROOT}/Manifest.lock",
			);
			name = "[CP] Check Pods Manifest.lock";
			outputPaths = (
				"$(DERIVED_FILE_DIR)/Pods-Bygones-checkManifestLockResult.txt",
			);
			runOnlyForDeploymentPostprocessing = 0;
			shellPath = /bin/sh;
			shellScript = "diff \"${PODS_ROOT}/../Podfile.lock\" \"${PODS_ROOT}/Manifest.lock\" > /dev/null\nif [ $? != 0 ] ; then\n    # print error to STDERR\n    echo \"error: The sandbox is not in sync with the Podfile.lock. Run 'pod install' or update your CocoaPods installation.\" >&2\n    exit 1\nfi\n";
			showEnvVarsInLog = 0;
		};
		E8630BE60E7376990F51241C /* [CP] Copy Pods Resources */ = {
			isa = PBXShellScriptBuildPhase;
			buildActionMask = 2147483647;
			files = (
			);
			inputPaths = (
			);
			name = "[CP] Copy Pods Resources";
			outputPaths = (
			);
			runOnlyForDeploymentPostprocessing = 0;
			shellPath = /bin/sh;
			shellScript = "\"${SRCROOT}/Pods/Target Support Files/Pods-Bygones/Pods-Bygones-resources.sh\"\n";
			showEnvVarsInLog = 0;
		};
/* End PBXShellScriptBuildPhase section */

/* Begin PBXSourcesBuildPhase section */
		F12733AF1FE2BD97007E263E /* Sources */ = {
			isa = PBXSourcesBuildPhase;
			buildActionMask = 2147483647;
			files = (
				F1560BE51FE3B3C00030B958 /* CYLTabBarControllerConfig.m in Sources */,
				F12733C61FE2BD97007E263E /* main.m in Sources */,
				F1560BDD1FE3B2E70030B958 /* MessageViewController.m in Sources */,
				F1560BE01FE3B2FC0030B958 /* OfficialAccountsViewController.m in Sources */,
				F12733B81FE2BD97007E263E /* AppDelegate.m in Sources */,
				F1560BD71FE3B2BA0030B958 /* HomeViewController.m in Sources */,
				F1560BDA1FE3B2D70030B958 /* MineViewController.m in Sources */,
			);
			runOnlyForDeploymentPostprocessing = 0;
		};
/* End PBXSourcesBuildPhase section */

/* Begin PBXVariantGroup section */
		F12733C11FE2BD97007E263E /* LaunchScreen.storyboard */ = {
			isa = PBXVariantGroup;
			children = (
				F12733C21FE2BD97007E263E /* Base */,
			);
			name = LaunchScreen.storyboard;
			sourceTree = "<group>";
		};
/* End PBXVariantGroup section */

/* Begin XCBuildConfiguration section */
		F12733C71FE2BD97007E263E /* Debug */ = {
			isa = XCBuildConfiguration;
			buildSettings = {
				ALWAYS_SEARCH_USER_PATHS = NO;
				CLANG_ANALYZER_NONNULL = YES;
				CLANG_ANALYZER_NUMBER_OBJECT_CONVERSION = YES_AGGRESSIVE;
				CLANG_CXX_LANGUAGE_STANDARD = "gnu++14";
				CLANG_CXX_LIBRARY = "libc++";
				CLANG_ENABLE_MODULES = YES;
				CLANG_ENABLE_OBJC_ARC = YES;
				CLANG_WARN_BLOCK_CAPTURE_AUTORELEASING = YES;
				CLANG_WARN_BOOL_CONVERSION = YES;
				CLANG_WARN_COMMA = YES;
				CLANG_WARN_CONSTANT_CONVERSION = YES;
				CLANG_WARN_DIRECT_OBJC_ISA_USAGE = YES_ERROR;
				CLANG_WARN_DOCUMENTATION_COMMENTS = YES;
				CLANG_WARN_EMPTY_BODY = YES;
				CLANG_WARN_ENUM_CONVERSION = YES;
				CLANG_WARN_INFINITE_RECURSION = YES;
				CLANG_WARN_INT_CONVERSION = YES;
				CLANG_WARN_NON_LITERAL_NULL_CONVERSION = YES;
				CLANG_WARN_OBJC_LITERAL_CONVERSION = YES;
				CLANG_WARN_OBJC_ROOT_CLASS = YES_ERROR;
				CLANG_WARN_RANGE_LOOP_ANALYSIS = YES;
				CLANG_WARN_STRICT_PROTOTYPES = YES;
				CLANG_WARN_SUSPICIOUS_MOVE = YES;
				CLANG_WARN_UNGUARDED_AVAILABILITY = YES_AGGRESSIVE;
				CLANG_WARN_UNREACHABLE_CODE = YES;
				CLANG_WARN__DUPLICATE_METHOD_MATCH = YES;
				CODE_SIGN_IDENTITY = "iPhone Developer";
				COPY_PHASE_STRIP = NO;
				DEBUG_INFORMATION_FORMAT = dwarf;
				ENABLE_STRICT_OBJC_MSGSEND = YES;
				ENABLE_TESTABILITY = YES;
				GCC_C_LANGUAGE_STANDARD = gnu11;
				GCC_DYNAMIC_NO_PIC = NO;
				GCC_NO_COMMON_BLOCKS = YES;
				GCC_OPTIMIZATION_LEVEL = 0;
				GCC_PREPROCESSOR_DEFINITIONS = (
					"DEBUG=1",
					"$(inherited)",
				);
				GCC_WARN_64_TO_32_BIT_CONVERSION = YES;
				GCC_WARN_ABOUT_RETURN_TYPE = YES_ERROR;
				GCC_WARN_UNDECLARED_SELECTOR = YES;
				GCC_WARN_UNINITIALIZED_AUTOS = YES_AGGRESSIVE;
				GCC_WARN_UNUSED_FUNCTION = YES;
				GCC_WARN_UNUSED_VARIABLE = YES;
				IPHONEOS_DEPLOYMENT_TARGET = 11.2;
				MTL_ENABLE_DEBUG_INFO = YES;
				ONLY_ACTIVE_ARCH = YES;
				SDKROOT = iphoneos;
			};
			name = Debug;
		};
		F12733C81FE2BD97007E263E /* Release */ = {
			isa = XCBuildConfiguration;
			buildSettings = {
				ALWAYS_SEARCH_USER_PATHS = NO;
				CLANG_ANALYZER_NONNULL = YES;
				CLANG_ANALYZER_NUMBER_OBJECT_CONVERSION = YES_AGGRESSIVE;
				CLANG_CXX_LANGUAGE_STANDARD = "gnu++14";
				CLANG_CXX_LIBRARY = "libc++";
				CLANG_ENABLE_MODULES = YES;
				CLANG_ENABLE_OBJC_ARC = YES;
				CLANG_WARN_BLOCK_CAPTURE_AUTORELEASING = YES;
				CLANG_WARN_BOOL_CONVERSION = YES;
				CLANG_WARN_COMMA = YES;
				CLANG_WARN_CONSTANT_CONVERSION = YES;
				CLANG_WARN_DIRECT_OBJC_ISA_USAGE = YES_ERROR;
				CLANG_WARN_DOCUMENTATION_COMMENTS = YES;
				CLANG_WARN_EMPTY_BODY = YES;
				CLANG_WARN_ENUM_CONVERSION = YES;
				CLANG_WARN_INFINITE_RECURSION = YES;
				CLANG_WARN_INT_CONVERSION = YES;
				CLANG_WARN_NON_LITERAL_NULL_CONVERSION = YES;
				CLANG_WARN_OBJC_LITERAL_CONVERSION = YES;
				CLANG_WARN_OBJC_ROOT_CLASS = YES_ERROR;
				CLANG_WARN_RANGE_LOOP_ANALYSIS = YES;
				CLANG_WARN_STRICT_PROTOTYPES = YES;
				CLANG_WARN_SUSPICIOUS_MOVE = YES;
				CLANG_WARN_UNGUARDED_AVAILABILITY = YES_AGGRESSIVE;
				CLANG_WARN_UNREACHABLE_CODE = YES;
				CLANG_WARN__DUPLICATE_METHOD_MATCH = YES;
				CODE_SIGN_IDENTITY = "iPhone Developer";
				COPY_PHASE_STRIP = NO;
				DEBUG_INFORMATION_FORMAT = "dwarf-with-dsym";
				ENABLE_NS_ASSERTIONS = NO;
				ENABLE_STRICT_OBJC_MSGSEND = YES;
				GCC_C_LANGUAGE_STANDARD = gnu11;
				GCC_NO_COMMON_BLOCKS = YES;
				GCC_WARN_64_TO_32_BIT_CONVERSION = YES;
				GCC_WARN_ABOUT_RETURN_TYPE = YES_ERROR;
				GCC_WARN_UNDECLARED_SELECTOR = YES;
				GCC_WARN_UNINITIALIZED_AUTOS = YES_AGGRESSIVE;
				GCC_WARN_UNUSED_FUNCTION = YES;
				GCC_WARN_UNUSED_VARIABLE = YES;
				IPHONEOS_DEPLOYMENT_TARGET = 11.2;
				MTL_ENABLE_DEBUG_INFO = NO;
				SDKROOT = iphoneos;
				VALIDATE_PRODUCT = YES;
			};
			name = Release;
		};
		F12733CA1FE2BD97007E263E /* Debug */ = {
			isa = XCBuildConfiguration;
			baseConfigurationReference = CC3447230DDC12C36E9E0968 /* Pods-Bygones.debug.xcconfig */;
			buildSettings = {
				ASSETCATALOG_COMPILER_APPICON_NAME = AppIcon;
				CODE_SIGN_STYLE = Automatic;
				DEVELOPMENT_TEAM = 9J6W9WYPXV;
				INFOPLIST_FILE = Bygones/Info.plist;
				LD_RUNPATH_SEARCH_PATHS = "$(inherited) @executable_path/Frameworks";
				PRODUCT_BUNDLE_IDENTIFIER = com.lizhao.Bygones;
				PRODUCT_NAME = "$(TARGET_NAME)";
				TARGETED_DEVICE_FAMILY = "1,2";
			};
			name = Debug;
		};
		F12733CB1FE2BD97007E263E /* Release */ = {
			isa = XCBuildConfiguration;
			baseConfigurationReference = 29546701DCA9FADFE3B709B7 /* Pods-Bygones.release.xcconfig */;
			buildSettings = {
				ASSETCATALOG_COMPILER_APPICON_NAME = AppIcon;
				CODE_SIGN_STYLE = Automatic;
				DEVELOPMENT_TEAM = 9J6W9WYPXV;
				INFOPLIST_FILE = Bygones/Info.plist;
				LD_RUNPATH_SEARCH_PATHS = "$(inherited) @executable_path/Frameworks";
				PRODUCT_BUNDLE_IDENTIFIER = com.lizhao.Bygones;
				PRODUCT_NAME = "$(TARGET_NAME)";
				TARGETED_DEVICE_FAMILY = "1,2";
			};
			name = Release;
		};
/* End XCBuildConfiguration section */

/* Begin XCConfigurationList section */
		F12733AE1FE2BD97007E263E /* Build configuration list for PBXProject "Bygones" */ = {
			isa = XCConfigurationList;
			buildConfigurations = (
				F12733C71FE2BD97007E263E /* Debug */,
				F12733C81FE2BD97007E263E /* Release */,
			);
			defaultConfigurationIsVisible = 0;
			defaultConfigurationName = Release;
		};
		F12733C91FE2BD97007E263E /* Build configuration list for PBXNativeTarget "Bygones" */ = {
			isa = XCConfigurationList;
			buildConfigurations = (
				F12733CA1FE2BD97007E263E /* Debug */,
				F12733CB1FE2BD97007E263E /* Release */,
			);
			defaultConfigurationIsVisible = 0;
			defaultConfigurationName = Release;
		};
/* End XCConfigurationList section */
	};
	rootObject = F12733AB1FE2BD97007E263E /* Project object */;
}
